{
  "version": "5",
  "specifiers": {
    "npm:cdk8s-plus-34@2.0.62": "2.0.62_cdk8s@2.70.108_constructs@10.8.1",
    "npm:cdk8s@2.70.108": "2.70.108_constructs@10.8.1",
    "npm:constructs@10.8.1": "10.8.1"
  },
  "npm": {
    "cdk8s-plus-34@2.0.62_cdk8s@2.70.108_constructs@10.8.1": {
      "integrity": "sha512-RGCEC6yBvaL32lOW9pin2rP3EgbR8coNANc3I/W3DelK82KABjKoRt4mVqEHl4WIeCPrfeNu83CqmRKY1a0bfg==",
      "dependencies": [
        "cdk8s",
        "constructs"
      ]
    },
    "cdk8s@2.70.108_constructs@10.8.1": {
      "integrity": "sha512-g9fnxkbPPKH2zUXVCE5wWd6s7CmXswx2cUPoaoQTda5N0ise4jPcQp3K7xzj5kTE/FONmzSdOGGCKQz75ERbVA==",
      "dependencies": [
        "constructs"
      ]
    },
    "constructs@10.8.1": {
      "integrity": "sha512-98yGXYyhePqPYh3cYu8nzBERmAhC0DONe3UD03okK0nehZ7hYP4wgZuf02a04+uOWxnTJ5Rpp5m0GRNpwyLGGA=="
    }
  },
  "workspace": {
    "dependencies": [
      "npm:cdk8s-plus-34@2.0.62",
      "npm:cdk8s@2.70.108",
      "npm:constructs@10.8.1"
    ]
  }
}
